// !$*UTF8*$!
{
	archiveVersion = 1;
	classes = {
	};
	objectVersion = 50;
	objects = {

/* Begin PBXBuildFile section */
		280ABACE23F2A22C00BBB994 /* AppDelegate.swift in Sources */ = {isa = PBXBuildFile; fileRef = 280ABACD23F2A22C00BBB994 /* AppDelegate.swift */; };
		280ABAD023F2A22C00BBB994 /* SceneDelegate.swift in Sources */ = {isa = PBXBuildFile; fileRef = 280ABACF23F2A22C00BBB994 /* SceneDelegate.swift */; };
		280ABAD723F2A22E00BBB994 /* Assets.xcassets in Resources */ = {isa = PBXBuildFile; fileRef = 280ABAD623F2A22E00BBB994 /* Assets.xcassets */; };
		280ABADA23F2A22E00BBB994 /* LaunchScreen.storyboard in Resources */ = {isa = PBXBuildFile; fileRef = 280ABAD823F2A22E00BBB994 /* LaunchScreen.storyboard */; };
		280ABAE323F2AC2D00BBB994 /* SearchScreen.swift in Sources */ = {isa = PBXBuildFile; fileRef = 280ABAE223F2AC2D00BBB994 /* SearchScreen.swift */; };
		280ABAE723F2ADAA00BBB994 /* City.swift in Sources */ = {isa = PBXBuildFile; fileRef = 280ABAE623F2ADAA00BBB994 /* City.swift */; };
		280ABAE923F2AE1800BBB994 /* Weather.swift in Sources */ = {isa = PBXBuildFile; fileRef = 280ABAE823F2AE1800BBB994 /* Weather.swift */; };
		280ABAED23F2B26700BBB994 /* NetworkManager.swift in Sources */ = {isa = PBXBuildFile; fileRef = 280ABAEC23F2B26700BBB994 /* NetworkManager.swift */; };
		280ABAEF23F2B39A00BBB994 /* VWError.swift in Sources */ = {isa = PBXBuildFile; fileRef = 280ABAEE23F2B39A00BBB994 /* VWError.swift */; };
		280ABAF323F2C23600BBB994 /* CitiesList.swift in Sources */ = {isa = PBXBuildFile; fileRef = 280ABAF223F2C23600BBB994 /* CitiesList.swift */; };
		280ABAF523F2DC4600BBB994 /* listOfCities.json in Resources */ = {isa = PBXBuildFile; fileRef = 280ABAF423F2DC4600BBB994 /* listOfCities.json */; };
		280ABAF723F308B600BBB994 /* Constants.swift in Sources */ = {isa = PBXBuildFile; fileRef = 280ABAF623F308B600BBB994 /* Constants.swift */; };
		2873304623F40233009CB8E1 /* WeatherVC.swift in Sources */ = {isa = PBXBuildFile; fileRef = 2873304523F40233009CB8E1 /* WeatherVC.swift */; };
		2873304A23F41188009CB8E1 /* Extensions.swift in Sources */ = {isa = PBXBuildFile; fileRef = 2873304923F41188009CB8E1 /* Extensions.swift */; };
		2873304E23F412E3009CB8E1 /* AlertVC.swift in Sources */ = {isa = PBXBuildFile; fileRef = 2873304D23F412E3009CB8E1 /* AlertVC.swift */; };
		2873305023F41352009CB8E1 /* AlertContainerView.swift in Sources */ = {isa = PBXBuildFile; fileRef = 2873304F23F41352009CB8E1 /* AlertContainerView.swift */; };
		2873305223F413E8009CB8E1 /* VWBodyLabel.swift in Sources */ = {isa = PBXBuildFile; fileRef = 2873305123F413E8009CB8E1 /* VWBodyLabel.swift */; };
		2873305423F41426009CB8E1 /* VWTitleLabel.swift in Sources */ = {isa = PBXBuildFile; fileRef = 2873305323F41426009CB8E1 /* VWTitleLabel.swift */; };
		2873305623F41479009CB8E1 /* VWButton.swift in Sources */ = {isa = PBXBuildFile; fileRef = 2873305523F41479009CB8E1 /* VWButton.swift */; };
		2873305823F43699009CB8E1 /* InitialNavVC.swift in Sources */ = {isa = PBXBuildFile; fileRef = 2873305723F43699009CB8E1 /* InitialNavVC.swift */; };
		2892CCEA23F3E94B001C3AA8 /* CityTableViewCell.swift in Sources */ = {isa = PBXBuildFile; fileRef = 2892CCE923F3E94B001C3AA8 /* CityTableViewCell.swift */; };
/* End PBXBuildFile section */

/* Begin PBXFileReference section */
		280ABACA23F2A22C00BBB994 /* Vanga Weather.app */ = {isa = PBXFileReference; explicitFileType = wrapper.application; includeInIndex = 0; path = "Vanga Weather.app"; sourceTree = BUILT_PRODUCTS_DIR; };
		280ABACD23F2A22C00BBB994 /* AppDelegate.swift */ = {isa = PBXFileReference; lastKnownFileType = sourcecode.swift; path = AppDelegate.swift; sourceTree = "<group>"; };
		280ABACF23F2A22C00BBB994 /* SceneDelegate.swift */ = {isa = PBXFileReference; lastKnownFileType = sourcecode.swift; path = SceneDelegate.swift; sourceTree = "<group>"; };
		280ABAD623F2A22E00BBB994 /* Assets.xcassets */ = {isa = PBXFileReference; lastKnownFileType = folder.assetcatalog; path = Assets.xcassets; sourceTree = "<group>"; };
		280ABAD923F2A22E00BBB994 /* Base */ = {isa = PBXFileReference; lastKnownFileType = file.storyboard; name = Base; path = Base.lproj/LaunchScreen.storyboard; sourceTree = "<group>"; };
		280ABADB23F2A22E00BBB994 /* Info.plist */ = {isa = PBXFileReference; lastKnownFileType = text.plist.xml; path = Info.plist; sourceTree = "<group>"; };
		280ABAE223F2AC2D00BBB994 /* SearchScreen.swift */ = {isa = PBXFileReference; lastKnownFileType = sourcecode.swift; path = SearchScreen.swift; sourceTree = "<group>"; };
		280ABAE623F2ADAA00BBB994 /* City.swift */ = {isa = PBXFileReference; lastKnownFileType = sourcecode.swift; path = City.swift; sourceTree = "<group>"; };
		280ABAE823F2AE1800BBB994 /* Weather.swift */ = {isa = PBXFileReference; lastKnownFileType = sourcecode.swift; path = Weather.swift; sourceTree = "<group>"; };
		280ABAEC23F2B26700BBB994 /* NetworkManager.swift */ = {isa = PBXFileReference; lastKnownFileType = sourcecode.swift; path = NetworkManager.swift; sourceTree = "<group>"; };
		280ABAEE23F2B39A00BBB994 /* VWError.swift */ = {isa = PBXFileReference; lastKnownFileType = sourcecode.swift; path = VWError.swift; sourceTree = "<group>"; };
		280ABAF223F2C23600BBB994 /* CitiesList.swift */ = {isa = PBXFileReference; lastKnownFileType = sourcecode.swift; path = CitiesList.swift; sourceTree = "<group>"; };
		280ABAF423F2DC4600BBB994 /* listOfCities.json */ = {isa = PBXFileReference; fileEncoding = 4; lastKnownFileType = text.json; path = listOfCities.json; sourceTree = "<group>"; };
		280ABAF623F308B600BBB994 /* Constants.swift */ = {isa = PBXFileReference; lastKnownFileType = sourcecode.swift; name = Constants.swift; path = "Vanga Weather/Constants.swift"; sourceTree = SOURCE_ROOT; };
		2873304523F40233009CB8E1 /* WeatherVC.swift */ = {isa = PBXFileReference; lastKnownFileType = sourcecode.swift; path = WeatherVC.swift; sourceTree = "<group>"; };
		2873304923F41188009CB8E1 /* Extensions.swift */ = {isa = PBXFileReference; lastKnownFileType = sourcecode.swift; path = Extensions.swift; sourceTree = "<group>"; };
		2873304D23F412E3009CB8E1 /* AlertVC.swift */ = {isa = PBXFileReference; lastKnownFileType = sourcecode.swift; path = AlertVC.swift; sourceTree = "<group>"; };
		2873304F23F41352009CB8E1 /* AlertContainerView.swift */ = {isa = PBXFileReference; lastKnownFileType = sourcecode.swift; path = AlertContainerView.swift; sourceTree = "<group>"; };
		2873305123F413E8009CB8E1 /* VWBodyLabel.swift */ = {isa = PBXFileReference; lastKnownFileType = sourcecode.swift; path = VWBodyLabel.swift; sourceTree = "<group>"; };
		2873305323F41426009CB8E1 /* VWTitleLabel.swift */ = {isa = PBXFileReference; lastKnownFileType = sourcecode.swift; path = VWTitleLabel.swift; sourceTree = "<group>"; };
		2873305523F41479009CB8E1 /* VWButton.swift */ = {isa = PBXFileReference; lastKnownFileType = sourcecode.swift; path = VWButton.swift; sourceTree = "<group>"; };
		2873305723F43699009CB8E1 /* InitialNavVC.swift */ = {isa = PBXFileReference; lastKnownFileType = sourcecode.swift; path = InitialNavVC.swift; sourceTree = "<group>"; };
		2892CCE923F3E94B001C3AA8 /* CityTableViewCell.swift */ = {isa = PBXFileReference; lastKnownFileType = sourcecode.swift; path = CityTableViewCell.swift; sourceTree = "<group>"; };
/* End PBXFileReference section */

/* Begin PBXFrameworksBuildPhase section */
		280ABAC723F2A22C00BBB994 /* Frameworks */ = {
			isa = PBXFrameworksBuildPhase;
			buildActionMask = 2147483647;
			files = (
			);
			runOnlyForDeploymentPostprocessing = 0;
		};
/* End PBXFrameworksBuildPhase section */

/* Begin PBXGroup section */
		280ABAC123F2A22C00BBB994 = {
			isa = PBXGroup;
			children = (
				280ABACC23F2A22C00BBB994 /* Vanga Weather */,
				280ABACB23F2A22C00BBB994 /* Products */,
			);
			sourceTree = "<group>";
		};
		280ABACB23F2A22C00BBB994 /* Products */ = {
			isa = PBXGroup;
			children = (
				280ABACA23F2A22C00BBB994 /* Vanga Weather.app */,
			);
			name = Products;
			sourceTree = "<group>";
		};
		280ABACC23F2A22C00BBB994 /* Vanga Weather */ = {
			isa = PBXGroup;
			children = (
				280ABAF623F308B600BBB994 /* Constants.swift */,
				2873304923F41188009CB8E1 /* Extensions.swift */,
				280ABAEC23F2B26700BBB994 /* NetworkManager.swift */,
				280ABAEE23F2B39A00BBB994 /* VWError.swift */,
				2892CCE623F3D722001C3AA8 /* Custom Views */,
				280ABAE523F2AD8200BBB994 /* Model */,
				280ABAE423F2AC3300BBB994 /* Screens */,
				280ABAE123F2A36900BBB994 /* Support Files */,
			);
			path = "Vanga Weather";
			sourceTree = "<group>";
		};
		280ABAE123F2A36900BBB994 /* Support Files */ = {
			isa = PBXGroup;
			children = (
				280ABACD23F2A22C00BBB994 /* AppDelegate.swift */,
				280ABACF23F2A22C00BBB994 /* SceneDelegate.swift */,
				280ABAD623F2A22E00BBB994 /* Assets.xcassets */,
				280ABAD823F2A22E00BBB994 /* LaunchScreen.storyboard */,
				280ABAF423F2DC4600BBB994 /* listOfCities.json */,
				280ABADB23F2A22E00BBB994 /* Info.plist */,
			);
			path = "Support Files";
			sourceTree = "<group>";
		};
		280ABAE423F2AC3300BBB994 /* Screens */ = {
			isa = PBXGroup;
			children = (
				2873305723F43699009CB8E1 /* InitialNavVC.swift */,
				280ABAE223F2AC2D00BBB994 /* SearchScreen.swift */,
				2873304523F40233009CB8E1 /* WeatherVC.swift */,
			);
			path = Screens;
			sourceTree = "<group>";
		};
		280ABAE523F2AD8200BBB994 /* Model */ = {
			isa = PBXGroup;
			children = (
				280ABAE823F2AE1800BBB994 /* Weather.swift */,
				280ABAE623F2ADAA00BBB994 /* City.swift */,
				280ABAF223F2C23600BBB994 /* CitiesList.swift */,
			);
			path = Model;
			sourceTree = "<group>";
		};
		2892CCE623F3D722001C3AA8 /* Custom Views */ = {
			isa = PBXGroup;
			children = (
				2892CCE923F3E94B001C3AA8 /* CityTableViewCell.swift */,
				2873304D23F412E3009CB8E1 /* AlertVC.swift */,
				2873305523F41479009CB8E1 /* VWButton.swift */,
				2873305323F41426009CB8E1 /* VWTitleLabel.swift */,
				2873305123F413E8009CB8E1 /* VWBodyLabel.swift */,
				2873304F23F41352009CB8E1 /* AlertContainerView.swift */,
			);
			path = "Custom Views";
			sourceTree = "<group>";
		};
/* End PBXGroup section */

/* Begin PBXNativeTarget section */
		280ABAC923F2A22C00BBB994 /* Vanga Weather */ = {
			isa = PBXNativeTarget;
			buildConfigurationList = 280ABADE23F2A22E00BBB994 /* Build configuration list for PBXNativeTarget "Vanga Weather" */;
			buildPhases = (
				280ABAC623F2A22C00BBB994 /* Sources */,
				280ABAC723F2A22C00BBB994 /* Frameworks */,
				280ABAC823F2A22C00BBB994 /* Resources */,
			);
			buildRules = (
			);
			dependencies = (
			);
			name = "Vanga Weather";
			productName = "Vanga Weather";
			productReference = 280ABACA23F2A22C00BBB994 /* Vanga Weather.app */;
			productType = "com.apple.product-type.application";
		};
/* End PBXNativeTarget section */

/* Begin PBXProject section */
		280ABAC223F2A22C00BBB994 /* Project object */ = {
			isa = PBXProject;
			attributes = {
				LastSwiftUpdateCheck = 1130;
				LastUpgradeCheck = 1130;
				ORGANIZATIONNAME = "Nick Beznos";
				TargetAttributes = {
					280ABAC923F2A22C00BBB994 = {
						CreatedOnToolsVersion = 11.3;
					};
				};
			};
			buildConfigurationList = 280ABAC523F2A22C00BBB994 /* Build configuration list for PBXProject "Vanga Weather" */;
			compatibilityVersion = "Xcode 9.3";
			developmentRegion = en;
			hasScannedForEncodings = 0;
			knownRegions = (
				en,
				Base,
			);
			mainGroup = 280ABAC123F2A22C00BBB994;
			productRefGroup = 280ABACB23F2A22C00BBB994 /* Products */;
			projectDirPath = "";
			projectRoot = "";
			targets = (
				280ABAC923F2A22C00BBB994 /* Vanga Weather */,
			);
		};
/* End PBXProject section */

/* Begin PBXResourcesBuildPhase section */
		280ABAC823F2A22C00BBB994 /* Resources */ = {
			isa = PBXResourcesBuildPhase;
			buildActionMask = 2147483647;
			files = (
				280ABADA23F2A22E00BBB994 /* LaunchScreen.storyboard in Resources */,
				280ABAF523F2DC4600BBB994 /* listOfCities.json in Resources */,
				280ABAD723F2A22E00BBB994 /* Assets.xcassets in Resources */,
			);
			runOnlyForDeploymentPostprocessing = 0;
		};
/* End PBXResourcesBuildPhase section */

/* Begin PBXSourcesBuildPhase section */
		280ABAC623F2A22C00BBB994 /* Sources */ = {
			isa = PBXSourcesBuildPhase;
			buildActionMask = 2147483647;
			files = (
				2873305623F41479009CB8E1 /* VWButton.swift in Sources */,
				280ABAF323F2C23600BBB994 /* CitiesList.swift in Sources */,
				280ABACE23F2A22C00BBB994 /* AppDelegate.swift in Sources */,
				2873304623F40233009CB8E1 /* WeatherVC.swift in Sources */,
				2873304E23F412E3009CB8E1 /* AlertVC.swift in Sources */,
				280ABAD023F2A22C00BBB994 /* SceneDelegate.swift in Sources */,
				280ABAED23F2B26700BBB994 /* NetworkManager.swift in Sources */,
				280ABAE723F2ADAA00BBB994 /* City.swift in Sources */,
				280ABAE323F2AC2D00BBB994 /* SearchScreen.swift in Sources */,
				2873305823F43699009CB8E1 /* InitialNavVC.swift in Sources */,
				2873304A23F41188009CB8E1 /* Extensions.swift in Sources */,
				280ABAEF23F2B39A00BBB994 /* VWError.swift in Sources */,
				280ABAE923F2AE1800BBB994 /* Weather.swift in Sources */,
				2873305023F41352009CB8E1 /* AlertContainerView.swift in Sources */,
				2873305423F41426009CB8E1 /* VWTitleLabel.swift in Sources */,
				280ABAF723F308B600BBB994 /* Constants.swift in Sources */,
				2892CCEA23F3E94B001C3AA8 /* CityTableViewCell.swift in Sources */,
				2873305223F413E8009CB8E1 /* VWBodyLabel.swift in Sources */,
			);
			runOnlyForDeploymentPostprocessing = 0;
		};
/* End PBXSourcesBuildPhase section */

/* Begin PBXVariantGroup section */
		280ABAD823F2A22E00BBB994 /* LaunchScreen.storyboard */ = {
			isa = PBXVariantGroup;
			children = (
				280ABAD923F2A22E00BBB994 /* Base */,
			);
			name = LaunchScreen.storyboard;
			sourceTree = "<group>";
		};
/* End PBXVariantGroup section */

/* Begin XCBuildConfiguration section */
		280ABADC23F2A22E00BBB994 /* Debug */ = {
			isa = XCBuildConfiguration;
			buildSettings = {
				ALWAYS_SEARCH_USER_PATHS = NO;
				CLANG_ANALYZER_NONNULL = YES;
				CLANG_ANALYZER_NUMBER_OBJECT_CONVERSION = YES_AGGRESSIVE;
				CLANG_CXX_LANGUAGE_STANDARD = "gnu++14";
				CLANG_CXX_LIBRARY = "libc++";
				CLANG_ENABLE_MODULES = YES;
				CLANG_ENABLE_OBJC_ARC = YES;
				CLANG_ENABLE_OBJC_WEAK = YES;
				CLANG_WARN_BLOCK_CAPTURE_AUTORELEASING = YES;
				CLANG_WARN_BOOL_CONVERSION = YES;
				CLANG_WARN_COMMA = YES;
				CLANG_WARN_CONSTANT_CONVERSION = YES;
				CLANG_WARN_DEPRECATED_OBJC_IMPLEMENTATIONS = YES;
				CLANG_WARN_DIRECT_OBJC_ISA_USAGE = YES_ERROR;
				CLANG_WARN_DOCUMENTATION_COMMENTS = YES;
				CLANG_WARN_EMPTY_BODY = YES;
				CLANG_WARN_ENUM_CONVERSION = YES;
				CLANG_WARN_INFINITE_RECURSION = YES;
				CLANG_WARN_INT_CONVERSION = YES;
				CLANG_WARN_NON_LITERAL_NULL_CONVERSION = YES;
				CLANG_WARN_OBJC_IMPLICIT_RETAIN_SELF = YES;
				CLANG_WARN_OBJC_LITERAL_CONVERSION = YES;
				CLANG_WARN_OBJC_ROOT_CLASS = YES_ERROR;
				CLANG_WARN_RANGE_LOOP_ANALYSIS = YES;
				CLANG_WARN_STRICT_PROTOTYPES = YES;
				CLANG_WARN_SUSPICIOUS_MOVE = YES;
				CLANG_WARN_UNGUARDED_AVAILABILITY = YES_AGGRESSIVE;
				CLANG_WARN_UNREACHABLE_CODE = YES;
				CLANG_WARN__DUPLICATE_METHOD_MATCH = YES;
				COPY_PHASE_STRIP = NO;
				DEBUG_INFORMATION_FORMAT = dwarf;
				ENABLE_STRICT_OBJC_MSGSEND = YES;
				ENABLE_TESTABILITY = YES;
				GCC_C_LANGUAGE_STANDARD = gnu11;
				GCC_DYNAMIC_NO_PIC = NO;
				GCC_NO_COMMON_BLOCKS = YES;
				GCC_OPTIMIZATION_LEVEL = 0;
				GCC_PREPROCESSOR_DEFINITIONS = (
					"DEBUG=1",
					"$(inherited)",
				);
				GCC_WARN_64_TO_32_BIT_CONVERSION = YES;
				GCC_WARN_ABOUT_RETURN_TYPE = YES_ERROR;
				GCC_WARN_UNDECLARED_SELECTOR = YES;
				GCC_WARN_UNINITIALIZED_AUTOS = YES_AGGRESSIVE;
				GCC_WARN_UNUSED_FUNCTION = YES;
				GCC_WARN_UNUSED_VARIABLE = YES;
				IPHONEOS_DEPLOYMENT_TARGET = 13.2;
				MTL_ENABLE_DEBUG_INFO = INCLUDE_SOURCE;
				MTL_FAST_MATH = YES;
				ONLY_ACTIVE_ARCH = YES;
				SDKROOT = iphoneos;
				SWIFT_ACTIVE_COMPILATION_CONDITIONS = DEBUG;
				SWIFT_OPTIMIZATION_LEVEL = "-Onone";
			};
			name = Debug;
		};
		280ABADD23F2A22E00BBB994 /* Release */ = {
			isa = XCBuildConfiguration;
			buildSettings = {
				ALWAYS_SEARCH_USER_PATHS = NO;
				CLANG_ANALYZER_NONNULL = YES;
				CLANG_ANALYZER_NUMBER_OBJECT_CONVERSION = YES_AGGRESSIVE;
				CLANG_CXX_LANGUAGE_STANDARD = "gnu++14";
				CLANG_CXX_LIBRARY = "libc++";
				CLANG_ENABLE_MODULES = YES;
				CLANG_ENABLE_OBJC_ARC = YES;
				CLANG_ENABLE_OBJC_WEAK = YES;
				CLANG_WARN_BLOCK_CAPTURE_AUTORELEASING = YES;
				CLANG_WARN_BOOL_CONVERSION = YES;
				CLANG_WARN_COMMA = YES;
				CLANG_WARN_CONSTANT_CONVERSION = YES;
				CLANG_WARN_DEPRECATED_OBJC_IMPLEMENTATIONS = YES;
				CLANG_WARN_DIRECT_OBJC_ISA_USAGE = YES_ERROR;
				CLANG_WARN_DOCUMENTATION_COMMENTS = YES;
				CLANG_WARN_EMPTY_BODY = YES;
				CLANG_WARN_ENUM_CONVERSION = YES;
				CLANG_WARN_INFINITE_RECURSION = YES;
				CLANG_WARN_INT_CONVERSION = YES;
				CLANG_WARN_NON_LITERAL_NULL_CONVERSION = YES;
				CLANG_WARN_OBJC_IMPLICIT_RETAIN_SELF = YES;
				CLANG_WARN_OBJC_LITERAL_CONVERSION = YES;
				CLANG_WARN_OBJC_ROOT_CLASS = YES_ERROR;
				CLANG_WARN_RANGE_LOOP_ANALYSIS = YES;
				CLANG_WARN_STRICT_PROTOTYPES = YES;
				CLANG_WARN_SUSPICIOUS_MOVE = YES;
				CLANG_WARN_UNGUARDED_AVAILABILITY = YES_AGGRESSIVE;
				CLANG_WARN_UNREACHABLE_CODE = YES;
				CLANG_WARN__DUPLICATE_METHOD_MATCH = YES;
				COPY_PHASE_STRIP = NO;
				DEBUG_INFORMATION_FORMAT = "dwarf-with-dsym";
				ENABLE_NS_ASSERTIONS = NO;
				ENABLE_STRICT_OBJC_MSGSEND = YES;
				GCC_C_LANGUAGE_STANDARD = gnu11;
				GCC_NO_COMMON_BLOCKS = YES;
				GCC_WARN_64_TO_32_BIT_CONVERSION = YES;
				GCC_WARN_ABOUT_RETURN_TYPE = YES_ERROR;
				GCC_WARN_UNDECLARED_SELECTOR = YES;
				GCC_WARN_UNINITIALIZED_AUTOS = YES_AGGRESSIVE;
				GCC_WARN_UNUSED_FUNCTION = YES;
				GCC_WARN_UNUSED_VARIABLE = YES;
				IPHONEOS_DEPLOYMENT_TARGET = 13.2;
				MTL_ENABLE_DEBUG_INFO = NO;
				MTL_FAST_MATH = YES;
				SDKROOT = iphoneos;
				SWIFT_COMPILATION_MODE = wholemodule;
				SWIFT_OPTIMIZATION_LEVEL = "-O";
				VALIDATE_PRODUCT = YES;
			};
			name = Release;
		};
		280ABADF23F2A22E00BBB994 /* Debug */ = {
			isa = XCBuildConfiguration;
			buildSettings = {
				ASSETCATALOG_COMPILER_APPICON_NAME = AppIcon;
				CODE_SIGN_STYLE = Automatic;
				DEVELOPMENT_TEAM = 6T39VAFGL2;
				INFOPLIST_FILE = "$(SRCROOT)/Vanga Weather/Support Files/Info.plist";
				LD_RUNPATH_SEARCH_PATHS = (
					"$(inherited)",
					"@executable_path/Frameworks",
				);
				PRODUCT_BUNDLE_IDENTIFIER = "com.nickbeznos.Vanga-Weather";
				PRODUCT_NAME = "$(TARGET_NAME)";
				SWIFT_VERSION = 5.0;
				TARGETED_DEVICE_FAMILY = "1,2";
			};
			name = Debug;
		};
		280ABAE023F2A22E00BBB994 /* Release */ = {
			isa = XCBuildConfiguration;
			buildSettings = {
				ASSETCATALOG_COMPILER_APPICON_NAME = AppIcon;
				CODE_SIGN_STYLE = Automatic;
				DEVELOPMENT_TEAM = 6T39VAFGL2;
				INFOPLIST_FILE = "$(SRCROOT)/Vanga Weather/Support Files/Info.plist";
				LD_RUNPATH_SEARCH_PATHS = (
					"$(inherited)",
					"@executable_path/Frameworks",
				);
				PRODUCT_BUNDLE_IDENTIFIER = "com.nickbeznos.Vanga-Weather";
				PRODUCT_NAME = "$(TARGET_NAME)";
				SWIFT_VERSION = 5.0;
				TARGETED_DEVICE_FAMILY = "1,2";
			};
			name = Release;
		};
/* End XCBuildConfiguration section */

/* Begin XCConfigurationList section */
		280ABAC523F2A22C00BBB994 /* Build configuration list for PBXProject "Vanga Weather" */ = {
			isa = XCConfigurationList;
			buildConfigurations = (
				280ABADC23F2A22E00BBB994 /* Debug */,
				280ABADD23F2A22E00BBB994 /* Release */,
			);
			defaultConfigurationIsVisible = 0;
			defaultConfigurationName = Release;
		};
		280ABADE23F2A22E00BBB994 /* Build configuration list for PBXNativeTarget "Vanga Weather" */ = {
			isa = XCConfigurationList;
			buildConfigurations = (
				280ABADF23F2A22E00BBB994 /* Debug */,
				280ABAE023F2A22E00BBB994 /* Release */,
			);
			defaultConfigurationIsVisible = 0;
			defaultConfigurationName = Release;
		};
/* End XCConfigurationList section */
	};
	rootObject = 280ABAC223F2A22C00BBB994 /* Project object */;
}
