// !$*UTF8*$!
{
	archiveVersion = 1;
	classes = {
	};
	objectVersion = 50;
	objects = {

/* Begin PBXBuildFile section */
		280ABACE23F2A22C00BBB994 /* AppDelegate.swift in Sources */ = {isa = PBXBuildFile; fileRef = 280ABACD23F2A22C00BBB994 /* AppDelegate.swift */; };
		280ABAD023F2A22C00BBB994 /* SceneDelegate.swift in Sources */ = {isa = PBXBuildFile; fileRef = 280ABACF23F2A22C00BBB994 /* SceneDelegate.swift */; };
		280ABAD223F2A22C00BBB994 /* ViewController.swift in Sources */ = {isa = PBXBuildFile; fileRef = 280ABAD123F2A22C00BBB994 /* ViewController.swift */; };
		280ABAD723F2A22E00BBB994 /* Assets.xcassets in Resources */ = {isa = PBXBuildFile; fileRef = 280ABAD623F2A22E00BBB994 /* Assets.xcassets */; };
		280ABADA23F2A22E00BBB994 /* LaunchScreen.storyboard in Resources */ = {isa = PBXBuildFile; fileRef = 280ABAD823F2A22E00BBB994 /* LaunchScreen.storyboard */; };
/* End PBXBuildFile section */

/* Begin PBXFileReference section */
		280ABACA23F2A22C00BBB994 /* Vanga Weather.app */ = {isa = PBXFileReference; explicitFileType = wrapper.application; includeInIndex = 0; path = "Vanga Weather.app"; sourceTree = BUILT_PRODUCTS_DIR; };
		280ABACD23F2A22C00BBB994 /* AppDelegate.swift */ = {isa = PBXFileReference; lastKnownFileType = sourcecode.swift; path = AppDelegate.swift; sourceTree = "<group>"; };
		280ABACF23F2A22C00BBB994 /* SceneDelegate.swift */ = {isa = PBXFileReference; lastKnownFileType = sourcecode.swift; path = SceneDelegate.swift; sourceTree = "<group>"; };
		280ABAD123F2A22C00BBB994 /* ViewController.swift */ = {isa = PBXFileReference; lastKnownFileType = sourcecode.swift; path = ViewController.swift; sourceTree = "<group>"; };
		280ABAD623F2A22E00BBB994 /* Assets.xcassets */ = {isa = PBXFileReference; lastKnownFileType = folder.assetcatalog; path = Assets.xcassets; sourceTree = "<group>"; };
		280ABAD923F2A22E00BBB994 /* Base */ = {isa = PBXFileReference; lastKnownFileType = file.storyboard; name = Base; path = Base.lproj/LaunchScreen.storyboard; sourceTree = "<group>"; };
		280ABADB23F2A22E00BBB994 /* Info.plist */ = {isa = PBXFileReference; lastKnownFileType = text.plist.xml; path = Info.plist; sourceTree = "<group>"; };
/* End PBXFileReference section */

/* Begin PBXFrameworksBuildPhase section */
		280ABAC723F2A22C00BBB994 /* Frameworks */ = {
			isa = PBXFrameworksBuildPhase;
			buildActionMask = 2147483647;
			files = (
			);
			runOnlyForDeploymentPostprocessing = 0;
		};
/* End PBXFrameworksBuildPhase section */

/* Begin PBXGroup section */
		280ABAC123F2A22C00BBB994 = {
			isa = PBXGroup;
			children = (
				280ABACC23F2A22C00BBB994 /* Vanga Weather */,
				280ABACB23F2A22C00BBB994 /* Products */,
			);
			sourceTree = "<group>";
		};
		280ABACB23F2A22C00BBB994 /* Products */ = {
			isa = PBXGroup;
			children = (
				280ABACA23F2A22C00BBB994 /* Vanga Weather.app */,
			);
			name = Products;
			sourceTree = "<group>";
		};
		280ABACC23F2A22C00BBB994 /* Vanga Weather */ = {
			isa = PBXGroup;
			children = (
				280ABAE123F2A36900BBB994 /* Support Files */,
				280ABAD123F2A22C00BBB994 /* ViewController.swift */,
			);
			path = "Vanga Weather";
			sourceTree = "<group>";
		};
		280ABAE123F2A36900BBB994 /* Support Files */ = {
			isa = PBXGroup;
			children = (
				280ABACD23F2A22C00BBB994 /* AppDelegate.swift */,
				280ABACF23F2A22C00BBB994 /* SceneDelegate.swift */,
				280ABAD623F2A22E00BBB994 /* Assets.xcassets */,
				280ABAD823F2A22E00BBB994 /* LaunchScreen.storyboard */,
				280ABADB23F2A22E00BBB994 /* Info.plist */,
			);
			path = "Support Files";
			sourceTree = "<group>";
		};
/* End PBXGroup section */

/* Begin PBXNativeTarget section */
		280ABAC923F2A22C00BBB994 /* Vanga Weather */ = {
			isa = PBXNativeTarget;
			buildConfigurationList = 280ABADE23F2A22E00BBB994 /* Build configuration list for PBXNativeTarget "Vanga Weather" */;
			buildPhases = (
				280ABAC623F2A22C00BBB994 /* Sources */,
				280ABAC723F2A22C00BBB994 /* Frameworks */,
				280ABAC823F2A22C00BBB994 /* Resources */,
			);
			buildRules = (
			);
			dependencies = (
			);
			name = "Vanga Weather";
			productName = "Vanga Weather";
			productReference = 280ABACA23F2A22C00BBB994 /* Vanga Weather.app */;
			productType = "com.apple.product-type.application";
		};
/* End PBXNativeTarget section */

/* Begin PBXProject section */
		280ABAC223F2A22C00BBB994 /* Project object */ = {
			isa = PBXProject;
			attributes = {
				LastSwiftUpdateCheck = 1130;
				LastUpgradeCheck = 1130;
				ORGANIZATIONNAME = "Nick Beznos";
				TargetAttributes = {
					280ABAC923F2A22C00BBB994 = {
						CreatedOnToolsVersion = 11.3;
					};
				};
			};
			buildConfigurationList = 280ABAC523F2A22C00BBB994 /* Build configuration list for PBXProject "Vanga Weather" */;
			compatibilityVersion = "Xcode 9.3";
			developmentRegion = en;
			hasScannedForEncodings = 0;
			knownRegions = (
				en,
				Base,
			);
			mainGroup = 280ABAC123F2A22C00BBB994;
			productRefGroup = 280ABACB23F2A22C00BBB994 /* Products */;
			projectDirPath = "";
			projectRoot = "";
			targets = (
				280ABAC923F2A22C00BBB994 /* Vanga Weather */,
			);
		};
/* End PBXProject section */

/* Begin PBXResourcesBuildPhase section */
		280ABAC823F2A22C00BBB994 /* Resources */ = {
			isa = PBXResourcesBuildPhase;
			buildActionMask = 2147483647;
			files = (
				280ABADA23F2A22E00BBB994 /* LaunchScreen.storyboard in Resources */,
				280ABAD723F2A22E00BBB994 /* Assets.xcassets in Resources */,
			);
			runOnlyForDeploymentPostprocessing = 0;
		};
/* End PBXResourcesBuildPhase section */

/* Begin PBXSourcesBuildPhase section */
		280ABAC623F2A22C00BBB994 /* Sources */ = {
			isa = PBXSourcesBuildPhase;
			buildActionMask = 2147483647;
			files = (
				280ABAD223F2A22C00BBB994 /* ViewController.swift in Sources */,
				280ABACE23F2A22C00BBB994 /* AppDelegate.swift in Sources */,
				280ABAD023F2A22C00BBB994 /* SceneDelegate.swift in Sources */,
			);
			runOnlyForDeploymentPostprocessing = 0;
		};
/* End PBXSourcesBuildPhase section */

/* Begin PBXVariantGroup section */
		280ABAD823F2A22E00BBB994 /* LaunchScreen.storyboard */ = {
			isa = PBXVariantGroup;
			children = (
				280ABAD923F2A22E00BBB994 /* Base */,
			);
			name = LaunchScreen.storyboard;
			sourceTree = "<group>";
		};
/* End PBXVariantGroup section */

/* Begin XCBuildConfiguration section */
		280ABADC23F2A22E00BBB994 /* Debug */ = {
			isa = XCBuildConfiguration;
			buildSettings = {
				ALWAYS_SEARCH_USER_PATHS = NO;
				CLANG_ANALYZER_NONNULL = YES;
				CLANG_ANALYZER_NUMBER_OBJECT_CONVERSION = YES_AGGRESSIVE;
				CLANG_CXX_LANGUAGE_STANDARD = "gnu++14";
				CLANG_CXX_LIBRARY = "libc++";
				CLANG_ENABLE_MODULES = YES;
				CLANG_ENABLE_OBJC_ARC = YES;
				CLANG_ENABLE_OBJC_WEAK = YES;
				CLANG_WARN_BLOCK_CAPTURE_AUTORELEASING = YES;
				CLANG_WARN_BOOL_CONVERSION = YES;
				CLANG_WARN_COMMA = YES;
				CLANG_WARN_CONSTANT_CONVERSION = YES;
				CLANG_WARN_DEPRECATED_OBJC_IMPLEMENTATIONS = YES;
				CLANG_WARN_DIRECT_OBJC_ISA_USAGE = YES_ERROR;
				CLANG_WARN_DOCUMENTATION_COMMENTS = YES;
				CLANG_WARN_EMPTY_BODY = YES;
				CLANG_WARN_ENUM_CONVERSION = YES;
				CLANG_WARN_INFINITE_RECURSION = YES;
				CLANG_WARN_INT_CONVERSION = YES;
				CLANG_WARN_NON_LITERAL_NULL_CONVERSION = YES;
				CLANG_WARN_OBJC_IMPLICIT_RETAIN_SELF = YES;
				CLANG_WARN_OBJC_LITERAL_CONVERSION = YES;
				CLANG_WARN_OBJC_ROOT_CLASS = YES_ERROR;
				CLANG_WARN_RANGE_LOOP_ANALYSIS = YES;
				CLANG_WARN_STRICT_PROTOTYPES = YES;
				CLANG_WARN_SUSPICIOUS_MOVE = YES;
				CLANG_WARN_UNGUARDED_AVAILABILITY = YES_AGGRESSIVE;
				CLANG_WARN_UNREACHABLE_CODE = YES;
				CLANG_WARN__DUPLICATE_METHOD_MATCH = YES;
				COPY_PHASE_STRIP = NO;
				DEBUG_INFORMATION_FORMAT = dwarf;
				ENABLE_STRICT_OBJC_MSGSEND = YES;
				ENABLE_TESTABILITY = YES;
				GCC_C_LANGUAGE_STANDARD = gnu11;
				GCC_DYNAMIC_NO_PIC = NO;
				GCC_NO_COMMON_BLOCKS = YES;
				GCC_OPTIMIZATION_LEVEL = 0;
				GCC_PREPROCESSOR_DEFINITIONS = (
					"DEBUG=1",
					"$(inherited)",
				);
				GCC_WARN_64_TO_32_BIT_CONVERSION = YES;
				GCC_WARN_ABOUT_RETURN_TYPE = YES_ERROR;
				GCC_WARN_UNDECLARED_SELECTOR = YES;
				GCC_WARN_UNINITIALIZED_AUTOS = YES_AGGRESSIVE;
				GCC_WARN_UNUSED_FUNCTION = YES;
				GCC_WARN_UNUSED_VARIABLE = YES;
				IPHONEOS_DEPLOYMENT_TARGET = 13.2;
				MTL_ENABLE_DEBUG_INFO = INCLUDE_SOURCE;
				MTL_FAST_MATH = YES;
				ONLY_ACTIVE_ARCH = YES;
				SDKROOT = iphoneos;
				SWIFT_ACTIVE_COMPILATION_CONDITIONS = DEBUG;
				SWIFT_OPTIMIZATION_LEVEL = "-Onone";
			};
			name = Debug;
		};
		280ABADD23F2A22E00BBB994 /* Release */ = {
			isa = XCBuildConfiguration;
			buildSettings = {
				ALWAYS_SEARCH_USER_PATHS = NO;
				CLANG_ANALYZER_NONNULL = YES;
				CLANG_ANALYZER_NUMBER_OBJECT_CONVERSION = YES_AGGRESSIVE;
				CLANG_CXX_LANGUAGE_STANDARD = "gnu++14";
				CLANG_CXX_LIBRARY = "libc++";
				CLANG_ENABLE_MODULES = YES;
				CLANG_ENABLE_OBJC_ARC = YES;
				CLANG_ENABLE_OBJC_WEAK = YES;
				CLANG_WARN_BLOCK_CAPTURE_AUTORELEASING = YES;
				CLANG_WARN_BOOL_CONVERSION = YES;
				CLANG_WARN_COMMA = YES;
				CLANG_WARN_CONSTANT_CONVERSION = YES;
				CLANG_WARN_DEPRECATED_OBJC_IMPLEMENTATIONS = YES;
				CLANG_WARN_DIRECT_OBJC_ISA_USAGE = YES_ERROR;
				CLANG_WARN_DOCUMENTATION_COMMENTS = YES;
				CLANG_WARN_EMPTY_BODY = YES;
				CLANG_WARN_ENUM_CONVERSION = YES;
				CLANG_WARN_INFINITE_RECURSION = YES;
				CLANG_WARN_INT_CONVERSION = YES;
				CLANG_WARN_NON_LITERAL_NULL_CONVERSION = YES;
				CLANG_WARN_OBJC_IMPLICIT_RETAIN_SELF = YES;
				CLANG_WARN_OBJC_LITERAL_CONVERSION = YES;
				CLANG_WARN_OBJC_ROOT_CLASS = YES_ERROR;
				CLANG_WARN_RANGE_LOOP_ANALYSIS = YES;
				CLANG_WARN_STRICT_PROTOTYPES = YES;
				CLANG_WARN_SUSPICIOUS_MOVE = YES;
				CLANG_WARN_UNGUARDED_AVAILABILITY = YES_AGGRESSIVE;
				CLANG_WARN_UNREACHABLE_CODE = YES;
				CLANG_WARN__DUPLICATE_METHOD_MATCH = YES;
				COPY_PHASE_STRIP = NO;
				DEBUG_INFORMATION_FORMAT = "dwarf-with-dsym";
				ENABLE_NS_ASSERTIONS = NO;
				ENABLE_STRICT_OBJC_MSGSEND = YES;
				GCC_C_LANGUAGE_STANDARD = gnu11;
				GCC_NO_COMMON_BLOCKS = YES;
				GCC_WARN_64_TO_32_BIT_CONVERSION = YES;
				GCC_WARN_ABOUT_RETURN_TYPE = YES_ERROR;
				GCC_WARN_UNDECLARED_SELECTOR = YES;
				GCC_WARN_UNINITIALIZED_AUTOS = YES_AGGRESSIVE;
				GCC_WARN_UNUSED_FUNCTION = YES;
				GCC_WARN_UNUSED_VARIABLE = YES;
				IPHONEOS_DEPLOYMENT_TARGET = 13.2;
				MTL_ENABLE_DEBUG_INFO = NO;
				MTL_FAST_MATH = YES;
				SDKROOT = iphoneos;
				SWIFT_COMPILATION_MODE = wholemodule;
				SWIFT_OPTIMIZATION_LEVEL = "-O";
				VALIDATE_PRODUCT = YES;
			};
			name = Release;
		};
		280ABADF23F2A22E00BBB994 /* Debug */ = {
			isa = XCBuildConfiguration;
			buildSettings = {
				ASSETCATALOG_COMPILER_APPICON_NAME = AppIcon;
				CODE_SIGN_STYLE = Automatic;
				DEVELOPMENT_TEAM = 6T39VAFGL2;
				INFOPLIST_FILE = "$(SRCROOT)/Vanga Weather/Support Files/Info.plist";
				LD_RUNPATH_SEARCH_PATHS = (
					"$(inherited)",
					"@executable_path/Frameworks",
				);
				PRODUCT_BUNDLE_IDENTIFIER = "com.nickbeznos.Vanga-Weather";
				PRODUCT_NAME = "$(TARGET_NAME)";
				SWIFT_VERSION = 5.0;
				TARGETED_DEVICE_FAMILY = "1,2";
			};
			name = Debug;
		};
		280ABAE023F2A22E00BBB994 /* Release */ = {
			isa = XCBuildConfiguration;
			buildSettings = {
				ASSETCATALOG_COMPILER_APPICON_NAME = AppIcon;
				CODE_SIGN_STYLE = Automatic;
				DEVELOPMENT_TEAM = 6T39VAFGL2;
				INFOPLIST_FILE = "$(SRCROOT)/Vanga Weather/Support Files/Info.plist";
				LD_RUNPATH_SEARCH_PATHS = (
					"$(inherited)",
					"@executable_path/Frameworks",
				);
				PRODUCT_BUNDLE_IDENTIFIER = "com.nickbeznos.Vanga-Weather";
				PRODUCT_NAME = "$(TARGET_NAME)";
				SWIFT_VERSION = 5.0;
				TARGETED_DEVICE_FAMILY = "1,2";
			};
			name = Release;
		};
/* End XCBuildConfiguration section */

/* Begin XCConfigurationList section */
		280ABAC523F2A22C00BBB994 /* Build configuration list for PBXProject "Vanga Weather" */ = {
			isa = XCConfigurationList;
			buildConfigurations = (
				280ABADC23F2A22E00BBB994 /* Debug */,
				280ABADD23F2A22E00BBB994 /* Release */,
			);
			defaultConfigurationIsVisible = 0;
			defaultConfigurationName = Release;
		};
		280ABADE23F2A22E00BBB994 /* Build configuration list for PBXNativeTarget "Vanga Weather" */ = {
			isa = XCConfigurationList;
			buildConfigurations = (
				280ABADF23F2A22E00BBB994 /* Debug */,
				280ABAE023F2A22E00BBB994 /* Release */,
			);
			defaultConfigurationIsVisible = 0;
			defaultConfigurationName = Release;
		};
/* End XCConfigurationList section */
	};
	rootObject = 280ABAC223F2A22C00BBB994 /* Project object */;
}
